
Microsoft Visual Studio Solution File, Format Version 12.00
# Visual Studio Version 16
VisualStudioVersion = 25.0.1703.0
MinimumVisualStudioVersion = 10.0.40219.1
Project("{FAE04EC0-301F-11D3-BF4B-00C04F79EFBC}") = "MovieAppMVC", "MovieAppMVC\MovieAppMVC.csproj", "{3AEBE93D-7C26-41BC-B405-62E1A084D730}"
EndProject
Project("{FAE04EC0-301F-11D3-BF4B-00C04F79EFBC}") = "MovieAppCore", "MovieAppCore\MovieAppCore.csproj", "{326EC777-9797-45A4-90C2-9BA191958F64}"
EndProject
Project("{FAE04EC0-301F-11D3-BF4B-00C04F79EFBC}") = "MovieAppInfrastructure", "MovieAppInfrastructure\MovieAppInfrastructure.csproj", "{05E10867-5D79-42D3-96FD-AF356114ADDC}"
EndProject
Global
	GlobalSection(SolutionConfigurationPlatforms) = preSolution
		Debug|Any CPU = Debug|Any CPU
		Release|Any CPU = Release|Any CPU
	EndGlobalSection
	GlobalSection(ProjectConfigurationPlatforms) = postSolution
		{3AEBE93D-7C26-41BC-B405-62E1A084D730}.Debug|Any CPU.ActiveCfg = Debug|Any CPU
		{3AEBE93D-7C26-41BC-B405-62E1A084D730}.Debug|Any CPU.Build.0 = Debug|Any CPU
		{3AEBE93D-7C26-41BC-B405-62E1A084D730}.Release|Any CPU.ActiveCfg = Release|Any CPU
		{3AEBE93D-7C26-41BC-B405-62E1A084D730}.Release|Any CPU.Build.0 = Release|Any CPU
		{326EC777-9797-45A4-90C2-9BA191958F64}.Debug|Any CPU.ActiveCfg = Debug|Any CPU
		{326EC777-9797-45A4-90C2-9BA191958F64}.Debug|Any CPU.Build.0 = Debug|Any CPU
		{326EC777-9797-45A4-90C2-9BA191958F64}.Release|Any CPU.ActiveCfg = Release|Any CPU
		{326EC777-9797-45A4-90C2-9BA191958F64}.Release|Any CPU.Build.0 = Release|Any CPU
		{05E10867-5D79-42D3-96FD-AF356114ADDC}.Debug|Any CPU.ActiveCfg = Debug|Any CPU
		{05E10867-5D79-42D3-96FD-AF356114ADDC}.Debug|Any CPU.Build.0 = Debug|Any CPU
		{05E10867-5D79-42D3-96FD-AF356114ADDC}.Release|Any CPU.ActiveCfg = Release|Any CPU
		{05E10867-5D79-42D3-96FD-AF356114ADDC}.Release|Any CPU.Build.0 = Release|Any CPU
	EndGlobalSection
	GlobalSection(SolutionProperties) = preSolution
		HideSolutionNode = FALSE
	EndGlobalSection
	GlobalSection(ExtensibilityGlobals) = postSolution
		SolutionGuid = {770BED78-D0D3-426B-9903-C155B6C68782}
	EndGlobalSection
EndGlobal
